// !$*UTF8*$!
{
	archiveVersion = 1;
	classes = {
	};
	objectVersion = 56;
	objects = {

/* Begin PBXBuildFile section */
		291DC3E82BDA53B400D519F2 /* ToDoListApp.swift in Sources */ = {isa = PBXBuildFile; fileRef = 291DC3E72BDA53B400D519F2 /* ToDoListApp.swift */; };
		291DC3EA2BDA53B400D519F2 /* ContentView.swift in Sources */ = {isa = PBXBuildFile; fileRef = 291DC3E92BDA53B400D519F2 /* ContentView.swift */; };
		291DC3EC2BDA53B400D519F2 /* Item.swift in Sources */ = {isa = PBXBuildFile; fileRef = 291DC3EB2BDA53B400D519F2 /* Item.swift */; };
		291DC3EE2BDA53B500D519F2 /* Assets.xcassets in Resources */ = {isa = PBXBuildFile; fileRef = 291DC3ED2BDA53B500D519F2 /* Assets.xcassets */; };
		291DC3F12BDA53B500D519F2 /* Preview Assets.xcassets in Resources */ = {isa = PBXBuildFile; fileRef = 291DC3F02BDA53B500D519F2 /* Preview Assets.xcassets */; };
		291DC3FB2BDA53B500D519F2 /* ToDoListTests.swift in Sources */ = {isa = PBXBuildFile; fileRef = 291DC3FA2BDA53B500D519F2 /* ToDoListTests.swift */; };
		291DC4052BDA53B600D519F2 /* ToDoListUITests.swift in Sources */ = {isa = PBXBuildFile; fileRef = 291DC4042BDA53B600D519F2 /* ToDoListUITests.swift */; };
		291DC4072BDA53B600D519F2 /* ToDoListUITestsLaunchTests.swift in Sources */ = {isa = PBXBuildFile; fileRef = 291DC4062BDA53B600D519F2 /* ToDoListUITestsLaunchTests.swift */; };
		291DC4162BDAA93600D519F2 /* Event.swift in Sources */ = {isa = PBXBuildFile; fileRef = 291DC4152BDAA93600D519F2 /* Event.swift */; };
		291DC4182BDAABBD00D519F2 /* Data.swift in Sources */ = {isa = PBXBuildFile; fileRef = 291DC4172BDAABBD00D519F2 /* Data.swift */; };
		291DC41A2BDAABF300D519F2 /* EventTask.swift in Sources */ = {isa = PBXBuildFile; fileRef = 291DC4192BDAABF300D519F2 /* EventTask.swift */; };
		291DC41C2BDAB61300D519F2 /* EventList.swift in Sources */ = {isa = PBXBuildFile; fileRef = 291DC41B2BDAB61200D519F2 /* EventList.swift */; };
		293DB0AA2BDABFB50039A091 /* EventRow.swift in Sources */ = {isa = PBXBuildFile; fileRef = 293DB0A92BDABFB50039A091 /* EventRow.swift */; };
/* End PBXBuildFile section */

/* Begin PBXContainerItemProxy section */
		291DC3F72BDA53B500D519F2 /* PBXContainerItemProxy */ = {
			isa = PBXContainerItemProxy;
			containerPortal = 291DC3DC2BDA53B400D519F2 /* Project object */;
			proxyType = 1;
			remoteGlobalIDString = 291DC3E32BDA53B400D519F2;
			remoteInfo = ToDoList;
		};
		291DC4012BDA53B600D519F2 /* PBXContainerItemProxy */ = {
			isa = PBXContainerItemProxy;
			containerPortal = 291DC3DC2BDA53B400D519F2 /* Project object */;
			proxyType = 1;
			remoteGlobalIDString = 291DC3E32BDA53B400D519F2;
			remoteInfo = ToDoList;
		};
/* End PBXContainerItemProxy section */

/* Begin PBXFileReference section */
		291DC3E42BDA53B400D519F2 /* ToDoList.app */ = {isa = PBXFileReference; explicitFileType = wrapper.application; includeInIndex = 0; path = ToDoList.app; sourceTree = BUILT_PRODUCTS_DIR; };
		291DC3E72BDA53B400D519F2 /* ToDoListApp.swift */ = {isa = PBXFileReference; lastKnownFileType = sourcecode.swift; path = ToDoListApp.swift; sourceTree = "<group>"; };
		291DC3E92BDA53B400D519F2 /* ContentView.swift */ = {isa = PBXFileReference; lastKnownFileType = sourcecode.swift; path = ContentView.swift; sourceTree = "<group>"; };
		291DC3EB2BDA53B400D519F2 /* Item.swift */ = {isa = PBXFileReference; lastKnownFileType = sourcecode.swift; path = Item.swift; sourceTree = "<group>"; };
		291DC3ED2BDA53B500D519F2 /* Assets.xcassets */ = {isa = PBXFileReference; lastKnownFileType = folder.assetcatalog; path = Assets.xcassets; sourceTree = "<group>"; };
		291DC3F02BDA53B500D519F2 /* Preview Assets.xcassets */ = {isa = PBXFileReference; lastKnownFileType = folder.assetcatalog; path = "Preview Assets.xcassets"; sourceTree = "<group>"; };
		291DC3F62BDA53B500D519F2 /* ToDoListTests.xctest */ = {isa = PBXFileReference; explicitFileType = wrapper.cfbundle; includeInIndex = 0; path = ToDoListTests.xctest; sourceTree = BUILT_PRODUCTS_DIR; };
		291DC3FA2BDA53B500D519F2 /* ToDoListTests.swift */ = {isa = PBXFileReference; lastKnownFileType = sourcecode.swift; path = ToDoListTests.swift; sourceTree = "<group>"; };
		291DC4002BDA53B600D519F2 /* ToDoListUITests.xctest */ = {isa = PBXFileReference; explicitFileType = wrapper.cfbundle; includeInIndex = 0; path = ToDoListUITests.xctest; sourceTree = BUILT_PRODUCTS_DIR; };
		291DC4042BDA53B600D519F2 /* ToDoListUITests.swift */ = {isa = PBXFileReference; lastKnownFileType = sourcecode.swift; path = ToDoListUITests.swift; sourceTree = "<group>"; };
		291DC4062BDA53B600D519F2 /* ToDoListUITestsLaunchTests.swift */ = {isa = PBXFileReference; lastKnownFileType = sourcecode.swift; path = ToDoListUITestsLaunchTests.swift; sourceTree = "<group>"; };
		291DC4152BDAA93600D519F2 /* Event.swift */ = {isa = PBXFileReference; lastKnownFileType = sourcecode.swift; path = Event.swift; sourceTree = "<group>"; };
		291DC4172BDAABBD00D519F2 /* Data.swift */ = {isa = PBXFileReference; lastKnownFileType = sourcecode.swift; path = Data.swift; sourceTree = "<group>"; };
		291DC4192BDAABF300D519F2 /* EventTask.swift */ = {isa = PBXFileReference; lastKnownFileType = sourcecode.swift; path = EventTask.swift; sourceTree = "<group>"; };
		291DC41B2BDAB61200D519F2 /* EventList.swift */ = {isa = PBXFileReference; lastKnownFileType = sourcecode.swift; path = EventList.swift; sourceTree = "<group>"; };
		293DB0A92BDABFB50039A091 /* EventRow.swift */ = {isa = PBXFileReference; lastKnownFileType = sourcecode.swift; path = EventRow.swift; sourceTree = "<group>"; };
/* End PBXFileReference section */

/* Begin PBXFrameworksBuildPhase section */
		291DC3E12BDA53B400D519F2 /* Frameworks */ = {
			isa = PBXFrameworksBuildPhase;
			buildActionMask = 2147483647;
			files = (
			);
			runOnlyForDeploymentPostprocessing = 0;
		};
		291DC3F32BDA53B500D519F2 /* Frameworks */ = {
			isa = PBXFrameworksBuildPhase;
			buildActionMask = 2147483647;
			files = (
			);
			runOnlyForDeploymentPostprocessing = 0;
		};
		291DC3FD2BDA53B600D519F2 /* Frameworks */ = {
			isa = PBXFrameworksBuildPhase;
			buildActionMask = 2147483647;
			files = (
			);
			runOnlyForDeploymentPostprocessing = 0;
		};
/* End PBXFrameworksBuildPhase section */

/* Begin PBXGroup section */
		291DC3DB2BDA53B400D519F2 = {
			isa = PBXGroup;
			children = (
				291DC3E62BDA53B400D519F2 /* ToDoList */,
				291DC3F92BDA53B500D519F2 /* ToDoListTests */,
				291DC4032BDA53B600D519F2 /* ToDoListUITests */,
				291DC3E52BDA53B400D519F2 /* Products */,
			);
			sourceTree = "<group>";
		};
		291DC3E52BDA53B400D519F2 /* Products */ = {
			isa = PBXGroup;
			children = (
				291DC3E42BDA53B400D519F2 /* ToDoList.app */,
				291DC3F62BDA53B500D519F2 /* ToDoListTests.xctest */,
				291DC4002BDA53B600D519F2 /* ToDoListUITests.xctest */,
			);
			name = Products;
			sourceTree = "<group>";
		};
		291DC3E62BDA53B400D519F2 /* ToDoList */ = {
			isa = PBXGroup;
			children = (
				291DC3E72BDA53B400D519F2 /* ToDoListApp.swift */,
				291DC3E92BDA53B400D519F2 /* ContentView.swift */,
				291DC41B2BDAB61200D519F2 /* EventList.swift */,
				293DB0A92BDABFB50039A091 /* EventRow.swift */,
				291DC3EB2BDA53B400D519F2 /* Item.swift */,
				291DC4152BDAA93600D519F2 /* Event.swift */,
				291DC4192BDAABF300D519F2 /* EventTask.swift */,
				291DC4172BDAABBD00D519F2 /* Data.swift */,
				291DC3ED2BDA53B500D519F2 /* Assets.xcassets */,
				291DC3EF2BDA53B500D519F2 /* Preview Content */,
			);
			path = ToDoList;
			sourceTree = "<group>";
		};
		291DC3EF2BDA53B500D519F2 /* Preview Content */ = {
			isa = PBXGroup;
			children = (
				291DC3F02BDA53B500D519F2 /* Preview Assets.xcassets */,
			);
			path = "Preview Content";
			sourceTree = "<group>";
		};
		291DC3F92BDA53B500D519F2 /* ToDoListTests */ = {
			isa = PBXGroup;
			children = (
				291DC3FA2BDA53B500D519F2 /* ToDoListTests.swift */,
			);
			path = ToDoListTests;
			sourceTree = "<group>";
		};
		291DC4032BDA53B600D519F2 /* ToDoListUITests */ = {
			isa = PBXGroup;
			children = (
				291DC4042BDA53B600D519F2 /* ToDoListUITests.swift */,
				291DC4062BDA53B600D519F2 /* ToDoListUITestsLaunchTests.swift */,
			);
			path = ToDoListUITests;
			sourceTree = "<group>";
		};
/* End PBXGroup section */

/* Begin PBXNativeTarget section */
		291DC3E32BDA53B400D519F2 /* ToDoList */ = {
			isa = PBXNativeTarget;
			buildConfigurationList = 291DC40A2BDA53B600D519F2 /* Build configuration list for PBXNativeTarget "ToDoList" */;
			buildPhases = (
				291DC3E02BDA53B400D519F2 /* Sources */,
				291DC3E12BDA53B400D519F2 /* Frameworks */,
				291DC3E22BDA53B400D519F2 /* Resources */,
			);
			buildRules = (
			);
			dependencies = (
			);
			name = ToDoList;
			productName = ToDoList;
			productReference = 291DC3E42BDA53B400D519F2 /* ToDoList.app */;
			productType = "com.apple.product-type.application";
		};
		291DC3F52BDA53B500D519F2 /* ToDoListTests */ = {
			isa = PBXNativeTarget;
			buildConfigurationList = 291DC40D2BDA53B600D519F2 /* Build configuration list for PBXNativeTarget "ToDoListTests" */;
			buildPhases = (
				291DC3F22BDA53B500D519F2 /* Sources */,
				291DC3F32BDA53B500D519F2 /* Frameworks */,
				291DC3F42BDA53B500D519F2 /* Resources */,
			);
			buildRules = (
			);
			dependencies = (
				291DC3F82BDA53B500D519F2 /* PBXTargetDependency */,
			);
			name = ToDoListTests;
			productName = ToDoListTests;
			productReference = 291DC3F62BDA53B500D519F2 /* ToDoListTests.xctest */;
			productType = "com.apple.product-type.bundle.unit-test";
		};
		291DC3FF2BDA53B600D519F2 /* ToDoListUITests */ = {
			isa = PBXNativeTarget;
			buildConfigurationList = 291DC4102BDA53B600D519F2 /* Build configuration list for PBXNativeTarget "ToDoListUITests" */;
			buildPhases = (
				291DC3FC2BDA53B600D519F2 /* Sources */,
				291DC3FD2BDA53B600D519F2 /* Frameworks */,
				291DC3FE2BDA53B600D519F2 /* Resources */,
			);
			buildRules = (
			);
			dependencies = (
				291DC4022BDA53B600D519F2 /* PBXTargetDependency */,
			);
			name = ToDoListUITests;
			productName = ToDoListUITests;
			productReference = 291DC4002BDA53B600D519F2 /* ToDoListUITests.xctest */;
			productType = "com.apple.product-type.bundle.ui-testing";
		};
/* End PBXNativeTarget section */

/* Begin PBXProject section */
		291DC3DC2BDA53B400D519F2 /* Project object */ = {
			isa = PBXProject;
			attributes = {
				BuildIndependentTargetsInParallel = 1;
				LastSwiftUpdateCheck = 1530;
				LastUpgradeCheck = 1530;
				TargetAttributes = {
					291DC3E32BDA53B400D519F2 = {
						CreatedOnToolsVersion = 15.3;
					};
					291DC3F52BDA53B500D519F2 = {
						CreatedOnToolsVersion = 15.3;
						TestTargetID = 291DC3E32BDA53B400D519F2;
					};
					291DC3FF2BDA53B600D519F2 = {
						CreatedOnToolsVersion = 15.3;
						TestTargetID = 291DC3E32BDA53B400D519F2;
					};
				};
			};
			buildConfigurationList = 291DC3DF2BDA53B400D519F2 /* Build configuration list for PBXProject "ToDoList" */;
			compatibilityVersion = "Xcode 14.0";
			developmentRegion = en;
			hasScannedForEncodings = 0;
			knownRegions = (
				en,
				Base,
			);
			mainGroup = 291DC3DB2BDA53B400D519F2;
			productRefGroup = 291DC3E52BDA53B400D519F2 /* Products */;
			projectDirPath = "";
			projectRoot = "";
			targets = (
				291DC3E32BDA53B400D519F2 /* ToDoList */,
				291DC3F52BDA53B500D519F2 /* ToDoListTests */,
				291DC3FF2BDA53B600D519F2 /* ToDoListUITests */,
			);
		};
/* End PBXProject section */

/* Begin PBXResourcesBuildPhase section */
		291DC3E22BDA53B400D519F2 /* Resources */ = {
			isa = PBXResourcesBuildPhase;
			buildActionMask = 2147483647;
			files = (
				291DC3F12BDA53B500D519F2 /* Preview Assets.xcassets in Resources */,
				291DC3EE2BDA53B500D519F2 /* Assets.xcassets in Resources */,
			);
			runOnlyForDeploymentPostprocessing = 0;
		};
		291DC3F42BDA53B500D519F2 /* Resources */ = {
			isa = PBXResourcesBuildPhase;
			buildActionMask = 2147483647;
			files = (
			);
			runOnlyForDeploymentPostprocessing = 0;
		};
		291DC3FE2BDA53B600D519F2 /* Resources */ = {
			isa = PBXResourcesBuildPhase;
			buildActionMask = 2147483647;
			files = (
			);
			runOnlyForDeploymentPostprocessing = 0;
		};
/* End PBXResourcesBuildPhase section */

/* Begin PBXSourcesBuildPhase section */
		291DC3E02BDA53B400D519F2 /* Sources */ = {
			isa = PBXSourcesBuildPhase;
			buildActionMask = 2147483647;
			files = (
				291DC41C2BDAB61300D519F2 /* EventList.swift in Sources */,
				291DC4162BDAA93600D519F2 /* Event.swift in Sources */,
				291DC4182BDAABBD00D519F2 /* Data.swift in Sources */,
				293DB0AA2BDABFB50039A091 /* EventRow.swift in Sources */,
				291DC3EA2BDA53B400D519F2 /* ContentView.swift in Sources */,
				291DC41A2BDAABF300D519F2 /* EventTask.swift in Sources */,
				291DC3EC2BDA53B400D519F2 /* Item.swift in Sources */,
				291DC3E82BDA53B400D519F2 /* ToDoListApp.swift in Sources */,
			);
			runOnlyForDeploymentPostprocessing = 0;
		};
		291DC3F22BDA53B500D519F2 /* Sources */ = {
			isa = PBXSourcesBuildPhase;
			buildActionMask = 2147483647;
			files = (
				291DC3FB2BDA53B500D519F2 /* ToDoListTests.swift in Sources */,
			);
			runOnlyForDeploymentPostprocessing = 0;
		};
		291DC3FC2BDA53B600D519F2 /* Sources */ = {
			isa = PBXSourcesBuildPhase;
			buildActionMask = 2147483647;
			files = (
				291DC4072BDA53B600D519F2 /* ToDoListUITestsLaunchTests.swift in Sources */,
				291DC4052BDA53B600D519F2 /* ToDoListUITests.swift in Sources */,
			);
			runOnlyForDeploymentPostprocessing = 0;
		};
/* End PBXSourcesBuildPhase section */

/* Begin PBXTargetDependency section */
		291DC3F82BDA53B500D519F2 /* PBXTargetDependency */ = {
			isa = PBXTargetDependency;
			target = 291DC3E32BDA53B400D519F2 /* ToDoList */;
			targetProxy = 291DC3F72BDA53B500D519F2 /* PBXContainerItemProxy */;
		};
		291DC4022BDA53B600D519F2 /* PBXTargetDependency */ = {
			isa = PBXTargetDependency;
			target = 291DC3E32BDA53B400D519F2 /* ToDoList */;
			targetProxy = 291DC4012BDA53B600D519F2 /* PBXContainerItemProxy */;
		};
/* End PBXTargetDependency section */

/* Begin XCBuildConfiguration section */
		291DC4082BDA53B600D519F2 /* Debug */ = {
			isa = XCBuildConfiguration;
			buildSettings = {
				ALWAYS_SEARCH_USER_PATHS = NO;
				ASSETCATALOG_COMPILER_GENERATE_SWIFT_ASSET_SYMBOL_EXTENSIONS = YES;
				CLANG_ANALYZER_NONNULL = YES;
				CLANG_ANALYZER_NUMBER_OBJECT_CONVERSION = YES_AGGRESSIVE;
				CLANG_CXX_LANGUAGE_STANDARD = "gnu++20";
				CLANG_ENABLE_MODULES = YES;
				CLANG_ENABLE_OBJC_ARC = YES;
				CLANG_ENABLE_OBJC_WEAK = YES;
				CLANG_WARN_BLOCK_CAPTURE_AUTORELEASING = YES;
				CLANG_WARN_BOOL_CONVERSION = YES;
				CLANG_WARN_COMMA = YES;
				CLANG_WARN_CONSTANT_CONVERSION = YES;
				CLANG_WARN_DEPRECATED_OBJC_IMPLEMENTATIONS = YES;
				CLANG_WARN_DIRECT_OBJC_ISA_USAGE = YES_ERROR;
				CLANG_WARN_DOCUMENTATION_COMMENTS = YES;
				CLANG_WARN_EMPTY_BODY = YES;
				CLANG_WARN_ENUM_CONVERSION = YES;
				CLANG_WARN_INFINITE_RECURSION = YES;
				CLANG_WARN_INT_CONVERSION = YES;
				CLANG_WARN_NON_LITERAL_NULL_CONVERSION = YES;
				CLANG_WARN_OBJC_IMPLICIT_RETAIN_SELF = YES;
				CLANG_WARN_OBJC_LITERAL_CONVERSION = YES;
				CLANG_WARN_OBJC_ROOT_CLASS = YES_ERROR;
				CLANG_WARN_QUOTED_INCLUDE_IN_FRAMEWORK_HEADER = YES;
				CLANG_WARN_RANGE_LOOP_ANALYSIS = YES;
				CLANG_WARN_STRICT_PROTOTYPES = YES;
				CLANG_WARN_SUSPICIOUS_MOVE = YES;
				CLANG_WARN_UNGUARDED_AVAILABILITY = YES_AGGRESSIVE;
				CLANG_WARN_UNREACHABLE_CODE = YES;
				CLANG_WARN__DUPLICATE_METHOD_MATCH = YES;
				COPY_PHASE_STRIP = NO;
				DEBUG_INFORMATION_FORMAT = dwarf;
				ENABLE_STRICT_OBJC_MSGSEND = YES;
				ENABLE_TESTABILITY = YES;
				ENABLE_USER_SCRIPT_SANDBOXING = YES;
				GCC_C_LANGUAGE_STANDARD = gnu17;
				GCC_DYNAMIC_NO_PIC = NO;
				GCC_NO_COMMON_BLOCKS = YES;
				GCC_OPTIMIZATION_LEVEL = 0;
				GCC_PREPROCESSOR_DEFINITIONS = (
					"DEBUG=1",
					"$(inherited)",
				);
				GCC_WARN_64_TO_32_BIT_CONVERSION = YES;
				GCC_WARN_ABOUT_RETURN_TYPE = YES_ERROR;
				GCC_WARN_UNDECLARED_SELECTOR = YES;
				GCC_WARN_UNINITIALIZED_AUTOS = YES_AGGRESSIVE;
				GCC_WARN_UNUSED_FUNCTION = YES;
				GCC_WARN_UNUSED_VARIABLE = YES;
				IPHONEOS_DEPLOYMENT_TARGET = 17.4;
				LOCALIZATION_PREFERS_STRING_CATALOGS = YES;
				MTL_ENABLE_DEBUG_INFO = INCLUDE_SOURCE;
				MTL_FAST_MATH = YES;
				ONLY_ACTIVE_ARCH = YES;
				SDKROOT = iphoneos;
				SWIFT_ACTIVE_COMPILATION_CONDITIONS = "DEBUG $(inherited)";
				SWIFT_OPTIMIZATION_LEVEL = "-Onone";
			};
			name = Debug;
		};
		291DC4092BDA53B600D519F2 /* Release */ = {
			isa = XCBuildConfiguration;
			buildSettings = {
				ALWAYS_SEARCH_USER_PATHS = NO;
				ASSETCATALOG_COMPILER_GENERATE_SWIFT_ASSET_SYMBOL_EXTENSIONS = YES;
				CLANG_ANALYZER_NONNULL = YES;
				CLANG_ANALYZER_NUMBER_OBJECT_CONVERSION = YES_AGGRESSIVE;
				CLANG_CXX_LANGUAGE_STANDARD = "gnu++20";
				CLANG_ENABLE_MODULES = YES;
				CLANG_ENABLE_OBJC_ARC = YES;
				CLANG_ENABLE_OBJC_WEAK = YES;
				CLANG_WARN_BLOCK_CAPTURE_AUTORELEASING = YES;
				CLANG_WARN_BOOL_CONVERSION = YES;
				CLANG_WARN_COMMA = YES;
				CLANG_WARN_CONSTANT_CONVERSION = YES;
				CLANG_WARN_DEPRECATED_OBJC_IMPLEMENTATIONS = YES;
				CLANG_WARN_DIRECT_OBJC_ISA_USAGE = YES_ERROR;
				CLANG_WARN_DOCUMENTATION_COMMENTS = YES;
				CLANG_WARN_EMPTY_BODY = YES;
				CLANG_WARN_ENUM_CONVERSION = YES;
				CLANG_WARN_INFINITE_RECURSION = YES;
				CLANG_WARN_INT_CONVERSION = YES;
				CLANG_WARN_NON_LITERAL_NULL_CONVERSION = YES;
				CLANG_WARN_OBJC_IMPLICIT_RETAIN_SELF = YES;
				CLANG_WARN_OBJC_LITERAL_CONVERSION = YES;
				CLANG_WARN_OBJC_ROOT_CLASS = YES_ERROR;
				CLANG_WARN_QUOTED_INCLUDE_IN_FRAMEWORK_HEADER = YES;
				CLANG_WARN_RANGE_LOOP_ANALYSIS = YES;
				CLANG_WARN_STRICT_PROTOTYPES = YES;
				CLANG_WARN_SUSPICIOUS_MOVE = YES;
				CLANG_WARN_UNGUARDED_AVAILABILITY = YES_AGGRESSIVE;
				CLANG_WARN_UNREACHABLE_CODE = YES;
				CLANG_WARN__DUPLICATE_METHOD_MATCH = YES;
				COPY_PHASE_STRIP = NO;
				DEBUG_INFORMATION_FORMAT = "dwarf-with-dsym";
				ENABLE_NS_ASSERTIONS = NO;
				ENABLE_STRICT_OBJC_MSGSEND = YES;
				ENABLE_USER_SCRIPT_SANDBOXING = YES;
				GCC_C_LANGUAGE_STANDARD = gnu17;
				GCC_NO_COMMON_BLOCKS = YES;
				GCC_WARN_64_TO_32_BIT_CONVERSION = YES;
				GCC_WARN_ABOUT_RETURN_TYPE = YES_ERROR;
				GCC_WARN_UNDECLARED_SELECTOR = YES;
				GCC_WARN_UNINITIALIZED_AUTOS = YES_AGGRESSIVE;
				GCC_WARN_UNUSED_FUNCTION = YES;
				GCC_WARN_UNUSED_VARIABLE = YES;
				IPHONEOS_DEPLOYMENT_TARGET = 17.4;
				LOCALIZATION_PREFERS_STRING_CATALOGS = YES;
				MTL_ENABLE_DEBUG_INFO = NO;
				MTL_FAST_MATH = YES;
				SDKROOT = iphoneos;
				SWIFT_COMPILATION_MODE = wholemodule;
				VALIDATE_PRODUCT = YES;
			};
			name = Release;
		};
		291DC40B2BDA53B600D519F2 /* Debug */ = {
			isa = XCBuildConfiguration;
			buildSettings = {
				ASSETCATALOG_COMPILER_APPICON_NAME = AppIcon;
				ASSETCATALOG_COMPILER_GLOBAL_ACCENT_COLOR_NAME = AccentColor;
				CODE_SIGN_STYLE = Automatic;
				CURRENT_PROJECT_VERSION = 1;
				DEVELOPMENT_ASSET_PATHS = "\"ToDoList/Preview Content\"";
				ENABLE_PREVIEWS = YES;
				GENERATE_INFOPLIST_FILE = YES;
				INFOPLIST_KEY_UIApplicationSceneManifest_Generation = YES;
				INFOPLIST_KEY_UIApplicationSupportsIndirectInputEvents = YES;
				INFOPLIST_KEY_UILaunchScreen_Generation = YES;
				INFOPLIST_KEY_UISupportedInterfaceOrientations_iPad = "UIInterfaceOrientationPortrait UIInterfaceOrientationPortraitUpsideDown UIInterfaceOrientationLandscapeLeft UIInterfaceOrientationLandscapeRight";
				INFOPLIST_KEY_UISupportedInterfaceOrientations_iPhone = "UIInterfaceOrientationPortrait UIInterfaceOrientationLandscapeLeft UIInterfaceOrientationLandscapeRight";
				LD_RUNPATH_SEARCH_PATHS = (
					"$(inherited)",
					"@executable_path/Frameworks",
				);
				MARKETING_VERSION = 1.0;
				PRODUCT_BUNDLE_IDENTIFIER = ccdtruong.ToDoList;
				PRODUCT_NAME = "$(TARGET_NAME)";
				SWIFT_EMIT_LOC_STRINGS = YES;
				SWIFT_VERSION = 5.0;
				TARGETED_DEVICE_FAMILY = "1,2";
			};
			name = Debug;
		};
		291DC40C2BDA53B600D519F2 /* Release */ = {
			isa = XCBuildConfiguration;
			buildSettings = {
				ASSETCATALOG_COMPILER_APPICON_NAME = AppIcon;
				ASSETCATALOG_COMPILER_GLOBAL_ACCENT_COLOR_NAME = AccentColor;
				CODE_SIGN_STYLE = Automatic;
				CURRENT_PROJECT_VERSION = 1;
				DEVELOPMENT_ASSET_PATHS = "\"ToDoList/Preview Content\"";
				ENABLE_PREVIEWS = YES;
				GENERATE_INFOPLIST_FILE = YES;
				INFOPLIST_KEY_UIApplicationSceneManifest_Generation = YES;
				INFOPLIST_KEY_UIApplicationSupportsIndirectInputEvents = YES;
				INFOPLIST_KEY_UILaunchScreen_Generation = YES;
				INFOPLIST_KEY_UISupportedInterfaceOrientations_iPad = "UIInterfaceOrientationPortrait UIInterfaceOrientationPortraitUpsideDown UIInterfaceOrientationLandscapeLeft UIInterfaceOrientationLandscapeRight";
				INFOPLIST_KEY_UISupportedInterfaceOrientations_iPhone = "UIInterfaceOrientationPortrait UIInterfaceOrientationLandscapeLeft UIInterfaceOrientationLandscapeRight";
				LD_RUNPATH_SEARCH_PATHS = (
					"$(inherited)",
					"@executable_path/Frameworks",
				);
				MARKETING_VERSION = 1.0;
				PRODUCT_BUNDLE_IDENTIFIER = ccdtruong.ToDoList;
				PRODUCT_NAME = "$(TARGET_NAME)";
				SWIFT_EMIT_LOC_STRINGS = YES;
				SWIFT_VERSION = 5.0;
				TARGETED_DEVICE_FAMILY = "1,2";
			};
			name = Release;
		};
		291DC40E2BDA53B600D519F2 /* Debug */ = {
			isa = XCBuildConfiguration;
			buildSettings = {
				ALWAYS_EMBED_SWIFT_STANDARD_LIBRARIES = YES;
				BUNDLE_LOADER = "$(TEST_HOST)";
				CODE_SIGN_STYLE = Automatic;
				CURRENT_PROJECT_VERSION = 1;
				GENERATE_INFOPLIST_FILE = YES;
				IPHONEOS_DEPLOYMENT_TARGET = 17.4;
				MARKETING_VERSION = 1.0;
				PRODUCT_BUNDLE_IDENTIFIER = ccdtruong.ToDoListTests;
				PRODUCT_NAME = "$(TARGET_NAME)";
				SWIFT_EMIT_LOC_STRINGS = NO;
				SWIFT_VERSION = 5.0;
				TARGETED_DEVICE_FAMILY = "1,2";
				TEST_HOST = "$(BUILT_PRODUCTS_DIR)/ToDoList.app/$(BUNDLE_EXECUTABLE_FOLDER_PATH)/ToDoList";
			};
			name = Debug;
		};
		291DC40F2BDA53B600D519F2 /* Release */ = {
			isa = XCBuildConfiguration;
			buildSettings = {
				ALWAYS_EMBED_SWIFT_STANDARD_LIBRARIES = YES;
				BUNDLE_LOADER = "$(TEST_HOST)";
				CODE_SIGN_STYLE = Automatic;
				CURRENT_PROJECT_VERSION = 1;
				GENERATE_INFOPLIST_FILE = YES;
				IPHONEOS_DEPLOYMENT_TARGET = 17.4;
				MARKETING_VERSION = 1.0;
				PRODUCT_BUNDLE_IDENTIFIER = ccdtruong.ToDoListTests;
				PRODUCT_NAME = "$(TARGET_NAME)";
				SWIFT_EMIT_LOC_STRINGS = NO;
				SWIFT_VERSION = 5.0;
				TARGETED_DEVICE_FAMILY = "1,2";
				TEST_HOST = "$(BUILT_PRODUCTS_DIR)/ToDoList.app/$(BUNDLE_EXECUTABLE_FOLDER_PATH)/ToDoList";
			};
			name = Release;
		};
		291DC4112BDA53B600D519F2 /* Debug */ = {
			isa = XCBuildConfiguration;
			buildSettings = {
				ALWAYS_EMBED_SWIFT_STANDARD_LIBRARIES = YES;
				CODE_SIGN_STYLE = Automatic;
				CURRENT_PROJECT_VERSION = 1;
				GENERATE_INFOPLIST_FILE = YES;
				MARKETING_VERSION = 1.0;
				PRODUCT_BUNDLE_IDENTIFIER = ccdtruong.ToDoListUITests;
				PRODUCT_NAME = "$(TARGET_NAME)";
				SWIFT_EMIT_LOC_STRINGS = NO;
				SWIFT_VERSION = 5.0;
				TARGETED_DEVICE_FAMILY = "1,2";
				TEST_TARGET_NAME = ToDoList;
			};
			name = Debug;
		};
		291DC4122BDA53B600D519F2 /* Release */ = {
			isa = XCBuildConfiguration;
			buildSettings = {
				ALWAYS_EMBED_SWIFT_STANDARD_LIBRARIES = YES;
				CODE_SIGN_STYLE = Automatic;
				CURRENT_PROJECT_VERSION = 1;
				GENERATE_INFOPLIST_FILE = YES;
				MARKETING_VERSION = 1.0;
				PRODUCT_BUNDLE_IDENTIFIER = ccdtruong.ToDoListUITests;
				PRODUCT_NAME = "$(TARGET_NAME)";
				SWIFT_EMIT_LOC_STRINGS = NO;
				SWIFT_VERSION = 5.0;
				TARGETED_DEVICE_FAMILY = "1,2";
				TEST_TARGET_NAME = ToDoList;
			};
			name = Release;
		};
/* End XCBuildConfiguration section */

/* Begin XCConfigurationList section */
		291DC3DF2BDA53B400D519F2 /* Build configuration list for PBXProject "ToDoList" */ = {
			isa = XCConfigurationList;
			buildConfigurations = (
				291DC4082BDA53B600D519F2 /* Debug */,
				291DC4092BDA53B600D519F2 /* Release */,
			);
			defaultConfigurationIsVisible = 0;
			defaultConfigurationName = Release;
		};
		291DC40A2BDA53B600D519F2 /* Build configuration list for PBXNativeTarget "ToDoList" */ = {
			isa = XCConfigurationList;
			buildConfigurations = (
				291DC40B2BDA53B600D519F2 /* Debug */,
				291DC40C2BDA53B600D519F2 /* Release */,
			);
			defaultConfigurationIsVisible = 0;
			defaultConfigurationName = Release;
		};
		291DC40D2BDA53B600D519F2 /* Build configuration list for PBXNativeTarget "ToDoListTests" */ = {
			isa = XCConfigurationList;
			buildConfigurations = (
				291DC40E2BDA53B600D519F2 /* Debug */,
				291DC40F2BDA53B600D519F2 /* Release */,
			);
			defaultConfigurationIsVisible = 0;
			defaultConfigurationName = Release;
		};
		291DC4102BDA53B600D519F2 /* Build configuration list for PBXNativeTarget "ToDoListUITests" */ = {
			isa = XCConfigurationList;
			buildConfigurations = (
				291DC4112BDA53B600D519F2 /* Debug */,
				291DC4122BDA53B600D519F2 /* Release */,
			);
			defaultConfigurationIsVisible = 0;
			defaultConfigurationName = Release;
		};
/* End XCConfigurationList section */
	};
	rootObject = 291DC3DC2BDA53B400D519F2 /* Project object */;
}
